
Microsoft Visual Studio Solution File, Format Version 12.00
# Visual Studio Version 17
VisualStudioVersion = 17.0.31903.59
MinimumVisualStudioVersion = 10.0.40219.1
Project("{FAE04EC0-301F-11D3-BF4B-00C04F79EFBC}") = "SiagroB1.Domain", "SiagroB1.Domain\SiagroB1.Domain.csproj", "{6DC9274D-41E4-4277-AEE5-49A61E402DBB}"
EndProject
Project("{FAE04EC0-301F-11D3-BF4B-00C04F79EFBC}") = "SiagroB1.Web", "SiagroB1.Web\SiagroB1.Web.csproj", "{8CF4CC3C-43EC-4D2F-9BE1-B061C5F62A59}"
EndProject
Project("{FAE04EC0-301F-11D3-BF4B-00C04F79EFBC}") = "SiagroB1.Infra", "SiagroB1.Infra\SiagroB1.Infra.csproj", "{01944E6E-1F36-4EA5-BE54-4572BED1D6FA}"
EndProject
Project("{FAE04EC0-301F-11D3-BF4B-00C04F79EFBC}") = "SiagroB1.Core", "SiagroB1.Core\SiagroB1.Core.csproj", "{29CD6DBD-5122-4AAE-B125-3C2C576DA341}"
EndProject
Project("{FAE04EC0-301F-11D3-BF4B-00C04F79EFBC}") = "SiagroB1.Migrations", "SiagroB1.Migrations\SiagroB1.Migrations.csproj", "{A2706E8F-4840-4FC5-B39B-EB083E97FBA9}"
EndProject
Global
	GlobalSection(SolutionConfigurationPlatforms) = preSolution
		Debug|Any CPU = Debug|Any CPU
		Release|Any CPU = Release|Any CPU
	EndGlobalSection
	GlobalSection(SolutionProperties) = preSolution
		HideSolutionNode = FALSE
	EndGlobalSection
	GlobalSection(ProjectConfigurationPlatforms) = postSolution
		{6DC9274D-41E4-4277-AEE5-49A61E402DBB}.Debug|Any CPU.ActiveCfg = Debug|Any CPU
		{6DC9274D-41E4-4277-AEE5-49A61E402DBB}.Debug|Any CPU.Build.0 = Debug|Any CPU
		{6DC9274D-41E4-4277-AEE5-49A61E402DBB}.Release|Any CPU.ActiveCfg = Release|Any CPU
		{6DC9274D-41E4-4277-AEE5-49A61E402DBB}.Release|Any CPU.Build.0 = Release|Any CPU
		{8CF4CC3C-43EC-4D2F-9BE1-B061C5F62A59}.Debug|Any CPU.ActiveCfg = Debug|Any CPU
		{8CF4CC3C-43EC-4D2F-9BE1-B061C5F62A59}.Debug|Any CPU.Build.0 = Debug|Any CPU
		{8CF4CC3C-43EC-4D2F-9BE1-B061C5F62A59}.Release|Any CPU.ActiveCfg = Release|Any CPU
		{8CF4CC3C-43EC-4D2F-9BE1-B061C5F62A59}.Release|Any CPU.Build.0 = Release|Any CPU
		{01944E6E-1F36-4EA5-BE54-4572BED1D6FA}.Debug|Any CPU.ActiveCfg = Debug|Any CPU
		{01944E6E-1F36-4EA5-BE54-4572BED1D6FA}.Debug|Any CPU.Build.0 = Debug|Any CPU
		{01944E6E-1F36-4EA5-BE54-4572BED1D6FA}.Release|Any CPU.ActiveCfg = Release|Any CPU
		{01944E6E-1F36-4EA5-BE54-4572BED1D6FA}.Release|Any CPU.Build.0 = Release|Any CPU
		{29CD6DBD-5122-4AAE-B125-3C2C576DA341}.Debug|Any CPU.ActiveCfg = Debug|Any CPU
		{29CD6DBD-5122-4AAE-B125-3C2C576DA341}.Debug|Any CPU.Build.0 = Debug|Any CPU
		{29CD6DBD-5122-4AAE-B125-3C2C576DA341}.Release|Any CPU.ActiveCfg = Release|Any CPU
		{29CD6DBD-5122-4AAE-B125-3C2C576DA341}.Release|Any CPU.Build.0 = Release|Any CPU
		{A2706E8F-4840-4FC5-B39B-EB083E97FBA9}.Debug|Any CPU.ActiveCfg = Debug|Any CPU
		{A2706E8F-4840-4FC5-B39B-EB083E97FBA9}.Debug|Any CPU.Build.0 = Debug|Any CPU
		{A2706E8F-4840-4FC5-B39B-EB083E97FBA9}.Release|Any CPU.ActiveCfg = Release|Any CPU
		{A2706E8F-4840-4FC5-B39B-EB083E97FBA9}.Release|Any CPU.Build.0 = Release|Any CPU
	EndGlobalSection
EndGlobal
