Microsoft Visual Studio Solution File, Format Version 12.00
# Visual Studio Version 17
VisualStudioVersion = 17.5.2.0
MinimumVisualStudioVersion = 10.0.40219.1
Project("{FAE04EC0-301F-11D3-BF4B-00C04F79EFBC}") = "SiagroB1.Web", "SiagroB1.Web.csproj", "{BE5CAA66-BD9C-BF64-6361-6A0F55118FB3}"
EndProject
Global
	GlobalSection(SolutionConfigurationPlatforms) = preSolution
		Debug|Any CPU = Debug|Any CPU
		Release|Any CPU = Release|Any CPU
	EndGlobalSection
	GlobalSection(ProjectConfigurationPlatforms) = postSolution
		{BE5CAA66-BD9C-BF64-6361-6A0F55118FB3}.Debug|Any CPU.ActiveCfg = Debug|Any CPU
		{BE5CAA66-BD9C-BF64-6361-6A0F55118FB3}.Debug|Any CPU.Build.0 = Debug|Any CPU
		{BE5CAA66-BD9C-BF64-6361-6A0F55118FB3}.Release|Any CPU.ActiveCfg = Release|Any CPU
		{BE5CAA66-BD9C-BF64-6361-6A0F55118FB3}.Release|Any CPU.Build.0 = Release|Any CPU
	EndGlobalSection
	GlobalSection(SolutionProperties) = preSolution
		HideSolutionNode = FALSE
	EndGlobalSection
	GlobalSection(ExtensibilityGlobals) = postSolution
		SolutionGuid = {0F8503F0-2A39-486E-A8ED-1DA39CE8C87D}
	EndGlobalSection
EndGlobal
